{
  "name": "postcss-mui-theme",
  "version": "1.0.0",
  "lockfileVersion": 1,
  "requires": true,
  "dependencies": {
    "balanced-match": {
      "version": "1.0.0",
      "resolved": "https://registry.npmjs.org/balanced-match/-/balanced-match-1.0.0.tgz",
      "integrity": "sha1-ibTRmasr7kneFk6gK4nORi1xt2c="
    },
    "lodash": {
      "version": "4.17.20",
      "resolved": "http://verdaccio.technobuddha.com/lodash/-/lodash-4.17.20.tgz",
      "integrity": "sha512-PlhdFcillOINfeV7Ni6oF1TAEayyZBoZ8bcshTHqOYJYlrqzRK5hagpagky5o4HfCzzd1TRkXPMFq6cKk9rGmA=="
    },
    "reduce-function-call": {
      "version": "1.0.3",
      "resolved": "https://registry.npmjs.org/reduce-function-call/-/reduce-function-call-1.0.3.tgz",
      "integrity": "sha512-Hl/tuV2VDgWgCSEeWMLwxLZqX7OK59eU1guxXsRKTAyeYimivsKdtcV4fu3r710tpG5GmDKDhQ0HSZLExnNmyQ==",
      "requires": {
        "balanced-match": "^1.0.0"
      }
    }
  }
}
